
Microsoft Visual Studio Solution File, Format Version 12.00
# Visual Studio Version 17
VisualStudioVersion = 17.0.31903.59
MinimumVisualStudioVersion = 10.0.40219.1
Project("{FAE04EC0-301F-11D3-BF4B-00C04F79EFBC}") = "BunBo.SharedKernel", "BunBo.SharedKernel\BunBo.SharedKernel.csproj", "{B7DE494E-E579-490A-B8E3-840AD9DFE09B}"
EndProject
Project("{FAE04EC0-301F-11D3-BF4B-00C04F79EFBC}") = "ApiGateway", "ApiGateway\ApiGateway.csproj", "{8CB0F120-D912-4143-8E0C-68E2C3E04733}"
EndProject
Project("{2150E333-8FDC-42A3-9474-1A3956D46DE8}") = "IdentityService", "IdentityService", "{30BA623E-989F-4D0D-B115-F77853C7B030}"
EndProject
Project("{FAE04EC0-301F-11D3-BF4B-00C04F79EFBC}") = "IdentityService.Api", "IdentityService\IdentityService.Api\IdentityService.Api.csproj", "{BD99ECA9-FD3C-4E2B-B417-04344976C83F}"
EndProject
Project("{FAE04EC0-301F-11D3-BF4B-00C04F79EFBC}") = "IdentityService.Application", "IdentityService\IdentityService.Application\IdentityService.Application.csproj", "{2FD39A4A-30B2-49FE-82BB-C937218CD636}"
EndProject
Project("{FAE04EC0-301F-11D3-BF4B-00C04F79EFBC}") = "IdentityService.Domain", "IdentityService\IdentityService.Domain\IdentityService.Domain.csproj", "{8CA07FEB-23EC-401D-9CFF-9AF52EDF03F0}"
EndProject
Project("{FAE04EC0-301F-11D3-BF4B-00C04F79EFBC}") = "IdentityService.Infrastructure", "IdentityService\IdentityService.Infrastructure\IdentityService.Infrastructure.csproj", "{16C885E6-EF4A-4306-BD91-B4C60980E8AD}"
EndProject
Project("{2150E333-8FDC-42A3-9474-1A3956D46DE8}") = "CatalogService", "CatalogService", "{BDFE6955-81B5-4A3E-9A7C-BF818C98E0E1}"
EndProject
Project("{FAE04EC0-301F-11D3-BF4B-00C04F79EFBC}") = "CatalogService.Api", "CatalogService\CatalogService.Api\CatalogService.Api.csproj", "{C6C29BDD-A183-474C-8DD7-50F3D24675A1}"
EndProject
Project("{FAE04EC0-301F-11D3-BF4B-00C04F79EFBC}") = "CatalogService.Application", "CatalogService\CatalogService.Application\CatalogService.Application.csproj", "{E032315D-57B6-4608-808A-731489E94906}"
EndProject
Project("{FAE04EC0-301F-11D3-BF4B-00C04F79EFBC}") = "CatalogService.Domain", "CatalogService\CatalogService.Domain\CatalogService.Domain.csproj", "{B1DF9100-33B0-4ABE-9875-03B3218DBBD7}"
EndProject
Project("{FAE04EC0-301F-11D3-BF4B-00C04F79EFBC}") = "CatalogService.Infrastructure", "CatalogService\CatalogService.Infrastructure\CatalogService.Infrastructure.csproj", "{BAF88DF0-F0F4-4AD1-B152-18ECA4F940E5}"
EndProject
Project("{2150E333-8FDC-42A3-9474-1A3956D46DE8}") = "CartService", "CartService", "{4859E2E1-7625-42F6-8F1E-43386055C7DB}"
EndProject
Project("{FAE04EC0-301F-11D3-BF4B-00C04F79EFBC}") = "CartService.Api", "CartService\CartService.Api\CartService.Api.csproj", "{558BD2F0-FBFC-44B9-A0A2-3DCA34B45592}"
EndProject
Project("{FAE04EC0-301F-11D3-BF4B-00C04F79EFBC}") = "CartService.Application", "CartService\CartService.Application\CartService.Application.csproj", "{5BED4A6D-8525-4AB1-9647-F0AADD5F10E6}"
EndProject
Project("{FAE04EC0-301F-11D3-BF4B-00C04F79EFBC}") = "CartService.Domain", "CartService\CartService.Domain\CartService.Domain.csproj", "{1F2F4C9D-CEB3-4FA2-9598-54AA05819690}"
EndProject
Project("{FAE04EC0-301F-11D3-BF4B-00C04F79EFBC}") = "CartService.Infrastructure", "CartService\CartService.Infrastructure\CartService.Infrastructure.csproj", "{A746FC55-55CF-4462-8505-EBB3D38ADD43}"
EndProject
Project("{2150E333-8FDC-42A3-9474-1A3956D46DE8}") = "OrderService", "OrderService", "{110DCBE2-449B-4998-97C4-8AAD8E1BCCBA}"
EndProject
Project("{FAE04EC0-301F-11D3-BF4B-00C04F79EFBC}") = "OrderService.Api", "OrderService\OrderService.Api\OrderService.Api.csproj", "{04F94D92-055F-4AB7-B2D1-A6F430323F70}"
EndProject
Project("{FAE04EC0-301F-11D3-BF4B-00C04F79EFBC}") = "OrderService.Application", "OrderService\OrderService.Application\OrderService.Application.csproj", "{55B61C16-A6B2-4BD4-BF63-CD36EF3120E2}"
EndProject
Project("{FAE04EC0-301F-11D3-BF4B-00C04F79EFBC}") = "OrderService.Domain", "OrderService\OrderService.Domain\OrderService.Domain.csproj", "{6D47263E-83D0-42B3-B739-6FFDE7CE004C}"
EndProject
Project("{FAE04EC0-301F-11D3-BF4B-00C04F79EFBC}") = "OrderService.Infrastructure", "OrderService\OrderService.Infrastructure\OrderService.Infrastructure.csproj", "{E23087D7-5040-4204-A9D9-B288523218D2}"
EndProject
Project("{2150E333-8FDC-42A3-9474-1A3956D46DE8}") = "PaymentService", "PaymentService", "{FE03CFE7-0746-4201-B91F-0FE4186C1CD8}"
EndProject
Project("{FAE04EC0-301F-11D3-BF4B-00C04F79EFBC}") = "PaymentService.Api", "PaymentService\PaymentService.Api\PaymentService.Api.csproj", "{317DFAD4-530E-4854-8C4B-4B7B9EE1A663}"
EndProject
Project("{FAE04EC0-301F-11D3-BF4B-00C04F79EFBC}") = "PaymentService.Application", "PaymentService\PaymentService.Application\PaymentService.Application.csproj", "{54BDEABB-1BCA-41BE-B609-11938DA60707}"
EndProject
Project("{FAE04EC0-301F-11D3-BF4B-00C04F79EFBC}") = "PaymentService.Domain", "PaymentService\PaymentService.Domain\PaymentService.Domain.csproj", "{ECFF9A85-F121-4EBD-BE77-0E9D23B2AF47}"
EndProject
Project("{FAE04EC0-301F-11D3-BF4B-00C04F79EFBC}") = "PaymentService.Infrastructure", "PaymentService\PaymentService.Infrastructure\PaymentService.Infrastructure.csproj", "{BAE8731E-02B3-48DA-AF29-077E4D649B88}"
EndProject
Project("{FAE04EC0-301F-11D3-BF4B-00C04F79EFBC}") = "PaymentService.Tests", "PaymentService\PaymentService.Tests\PaymentService.Tests.csproj", "{FE71298A-7017-48E5-BD71-170C8F23FD65}"
EndProject
Project("{FAE04EC0-301F-11D3-BF4B-00C04F79EFBC}") = "CatalogService.UnitTests", "..\tests\CatalogService.UnitTests\CatalogService.UnitTests.csproj", "{014C7824-142E-46EF-B91B-26506B12AE99}"
EndProject
Project("{FAE04EC0-301F-11D3-BF4B-00C04F79EFBC}") = "OrderService.UnitTests", "..\tests\OrderService.UnitTests\OrderService.UnitTests.csproj", "{C5898869-FCC7-493D-BC6C-3EB47B2991CE}"
EndProject
Project("{2150E333-8FDC-42A3-9474-1A3956D46DE8}") = "PromotionService", "PromotionService", "{76B68EAE-7372-4307-A518-193B39A962D8}"
EndProject
Project("{FAE04EC0-301F-11D3-BF4B-00C04F79EFBC}") = "PromotionService.Domain", "PromotionService\PromotionService.Domain\PromotionService.Domain.csproj", "{29916AEB-0B15-4CEF-98EE-749F9BF906E7}"
EndProject
Project("{FAE04EC0-301F-11D3-BF4B-00C04F79EFBC}") = "PromotionService.Application", "PromotionService\PromotionService.Application\PromotionService.Application.csproj", "{70D7EA73-27E2-4A15-9E86-99EC615CCBF1}"
EndProject
Project("{FAE04EC0-301F-11D3-BF4B-00C04F79EFBC}") = "PromotionService.Infrastructure", "PromotionService\PromotionService.Infrastructure\PromotionService.Infrastructure.csproj", "{51470920-5F3F-43BF-B5D6-F83CC71E3FFB}"
EndProject
Project("{FAE04EC0-301F-11D3-BF4B-00C04F79EFBC}") = "PromotionService.Api", "PromotionService\PromotionService.Api\PromotionService.Api.csproj", "{BBD09F6C-8C34-4B5E-82D0-1B9FA08D77B0}"
EndProject
Project("{FAE04EC0-301F-11D3-BF4B-00C04F79EFBC}") = "PromotionService.UnitTests", "..\tests\PromotionService.UnitTests\PromotionService.UnitTests.csproj", "{ECC132A3-53F5-420C-B92F-4BBD83A2054D}"
EndProject
Project("{FAE04EC0-301F-11D3-BF4B-00C04F79EFBC}") = "IdentityService.UnitTests", "..\tests\IdentityService.UnitTests\IdentityService.UnitTests.csproj", "{DA8CC26F-E6E9-4443-BB61-36FD86365FE4}"
EndProject
Project("{FAE04EC0-301F-11D3-BF4B-00C04F79EFBC}") = "NotificationService.UnitTests", "..\tests\NotificationService.UnitTests\NotificationService.UnitTests.csproj", "{DF70BFD5-26A0-4CF4-841C-BF2D9B7405B3}"
EndProject
Project("{FAE04EC0-301F-11D3-BF4B-00C04F79EFBC}") = "IdentityService.IntegrationTests", "..\tests\IdentityService.IntegrationTests\IdentityService.IntegrationTests.csproj", "{C8BB34D9-15B1-4D27-B867-AA17D60DD2B9}"
EndProject
Global
	GlobalSection(SolutionConfigurationPlatforms) = preSolution
		Debug|Any CPU = Debug|Any CPU
		Release|Any CPU = Release|Any CPU
	EndGlobalSection
	GlobalSection(SolutionProperties) = preSolution
		HideSolutionNode = FALSE
	EndGlobalSection
	GlobalSection(ProjectConfigurationPlatforms) = postSolution
		{B7DE494E-E579-490A-B8E3-840AD9DFE09B}.Debug|Any CPU.ActiveCfg = Debug|Any CPU
		{B7DE494E-E579-490A-B8E3-840AD9DFE09B}.Debug|Any CPU.Build.0 = Debug|Any CPU
		{B7DE494E-E579-490A-B8E3-840AD9DFE09B}.Release|Any CPU.ActiveCfg = Release|Any CPU
		{B7DE494E-E579-490A-B8E3-840AD9DFE09B}.Release|Any CPU.Build.0 = Release|Any CPU
		{8CB0F120-D912-4143-8E0C-68E2C3E04733}.Debug|Any CPU.ActiveCfg = Debug|Any CPU
		{8CB0F120-D912-4143-8E0C-68E2C3E04733}.Debug|Any CPU.Build.0 = Debug|Any CPU
		{8CB0F120-D912-4143-8E0C-68E2C3E04733}.Release|Any CPU.ActiveCfg = Release|Any CPU
		{8CB0F120-D912-4143-8E0C-68E2C3E04733}.Release|Any CPU.Build.0 = Release|Any CPU
		{BD99ECA9-FD3C-4E2B-B417-04344976C83F}.Debug|Any CPU.ActiveCfg = Debug|Any CPU
		{BD99ECA9-FD3C-4E2B-B417-04344976C83F}.Debug|Any CPU.Build.0 = Debug|Any CPU
		{BD99ECA9-FD3C-4E2B-B417-04344976C83F}.Release|Any CPU.ActiveCfg = Release|Any CPU
		{BD99ECA9-FD3C-4E2B-B417-04344976C83F}.Release|Any CPU.Build.0 = Release|Any CPU
		{2FD39A4A-30B2-49FE-82BB-C937218CD636}.Debug|Any CPU.ActiveCfg = Debug|Any CPU
		{2FD39A4A-30B2-49FE-82BB-C937218CD636}.Debug|Any CPU.Build.0 = Debug|Any CPU
		{2FD39A4A-30B2-49FE-82BB-C937218CD636}.Release|Any CPU.ActiveCfg = Release|Any CPU
		{2FD39A4A-30B2-49FE-82BB-C937218CD636}.Release|Any CPU.Build.0 = Release|Any CPU
		{8CA07FEB-23EC-401D-9CFF-9AF52EDF03F0}.Debug|Any CPU.ActiveCfg = Debug|Any CPU
		{8CA07FEB-23EC-401D-9CFF-9AF52EDF03F0}.Debug|Any CPU.Build.0 = Debug|Any CPU
		{8CA07FEB-23EC-401D-9CFF-9AF52EDF03F0}.Release|Any CPU.ActiveCfg = Release|Any CPU
		{8CA07FEB-23EC-401D-9CFF-9AF52EDF03F0}.Release|Any CPU.Build.0 = Release|Any CPU
		{16C885E6-EF4A-4306-BD91-B4C60980E8AD}.Debug|Any CPU.ActiveCfg = Debug|Any CPU
		{16C885E6-EF4A-4306-BD91-B4C60980E8AD}.Debug|Any CPU.Build.0 = Debug|Any CPU
		{16C885E6-EF4A-4306-BD91-B4C60980E8AD}.Release|Any CPU.ActiveCfg = Release|Any CPU
		{16C885E6-EF4A-4306-BD91-B4C60980E8AD}.Release|Any CPU.Build.0 = Release|Any CPU
		{C6C29BDD-A183-474C-8DD7-50F3D24675A1}.Debug|Any CPU.ActiveCfg = Debug|Any CPU
		{C6C29BDD-A183-474C-8DD7-50F3D24675A1}.Debug|Any CPU.Build.0 = Debug|Any CPU
		{C6C29BDD-A183-474C-8DD7-50F3D24675A1}.Release|Any CPU.ActiveCfg = Release|Any CPU
		{C6C29BDD-A183-474C-8DD7-50F3D24675A1}.Release|Any CPU.Build.0 = Release|Any CPU
		{E032315D-57B6-4608-808A-731489E94906}.Debug|Any CPU.ActiveCfg = Debug|Any CPU
		{E032315D-57B6-4608-808A-731489E94906}.Debug|Any CPU.Build.0 = Debug|Any CPU
		{E032315D-57B6-4608-808A-731489E94906}.Release|Any CPU.ActiveCfg = Release|Any CPU
		{E032315D-57B6-4608-808A-731489E94906}.Release|Any CPU.Build.0 = Release|Any CPU
		{B1DF9100-33B0-4ABE-9875-03B3218DBBD7}.Debug|Any CPU.ActiveCfg = Debug|Any CPU
		{B1DF9100-33B0-4ABE-9875-03B3218DBBD7}.Debug|Any CPU.Build.0 = Debug|Any CPU
		{B1DF9100-33B0-4ABE-9875-03B3218DBBD7}.Release|Any CPU.ActiveCfg = Release|Any CPU
		{B1DF9100-33B0-4ABE-9875-03B3218DBBD7}.Release|Any CPU.Build.0 = Release|Any CPU
		{BAF88DF0-F0F4-4AD1-B152-18ECA4F940E5}.Debug|Any CPU.ActiveCfg = Debug|Any CPU
		{BAF88DF0-F0F4-4AD1-B152-18ECA4F940E5}.Debug|Any CPU.Build.0 = Debug|Any CPU
		{BAF88DF0-F0F4-4AD1-B152-18ECA4F940E5}.Release|Any CPU.ActiveCfg = Release|Any CPU
		{BAF88DF0-F0F4-4AD1-B152-18ECA4F940E5}.Release|Any CPU.Build.0 = Release|Any CPU
		{558BD2F0-FBFC-44B9-A0A2-3DCA34B45592}.Debug|Any CPU.ActiveCfg = Debug|Any CPU
		{558BD2F0-FBFC-44B9-A0A2-3DCA34B45592}.Debug|Any CPU.Build.0 = Debug|Any CPU
		{558BD2F0-FBFC-44B9-A0A2-3DCA34B45592}.Release|Any CPU.ActiveCfg = Release|Any CPU
		{558BD2F0-FBFC-44B9-A0A2-3DCA34B45592}.Release|Any CPU.Build.0 = Release|Any CPU
		{5BED4A6D-8525-4AB1-9647-F0AADD5F10E6}.Debug|Any CPU.ActiveCfg = Debug|Any CPU
		{5BED4A6D-8525-4AB1-9647-F0AADD5F10E6}.Debug|Any CPU.Build.0 = Debug|Any CPU
		{5BED4A6D-8525-4AB1-9647-F0AADD5F10E6}.Release|Any CPU.ActiveCfg = Release|Any CPU
		{5BED4A6D-8525-4AB1-9647-F0AADD5F10E6}.Release|Any CPU.Build.0 = Release|Any CPU
		{1F2F4C9D-CEB3-4FA2-9598-54AA05819690}.Debug|Any CPU.ActiveCfg = Debug|Any CPU
		{1F2F4C9D-CEB3-4FA2-9598-54AA05819690}.Debug|Any CPU.Build.0 = Debug|Any CPU
		{1F2F4C9D-CEB3-4FA2-9598-54AA05819690}.Release|Any CPU.ActiveCfg = Release|Any CPU
		{1F2F4C9D-CEB3-4FA2-9598-54AA05819690}.Release|Any CPU.Build.0 = Release|Any CPU
		{A746FC55-55CF-4462-8505-EBB3D38ADD43}.Debug|Any CPU.ActiveCfg = Debug|Any CPU
		{A746FC55-55CF-4462-8505-EBB3D38ADD43}.Debug|Any CPU.Build.0 = Debug|Any CPU
		{A746FC55-55CF-4462-8505-EBB3D38ADD43}.Release|Any CPU.ActiveCfg = Release|Any CPU
		{A746FC55-55CF-4462-8505-EBB3D38ADD43}.Release|Any CPU.Build.0 = Release|Any CPU
		{04F94D92-055F-4AB7-B2D1-A6F430323F70}.Debug|Any CPU.ActiveCfg = Debug|Any CPU
		{04F94D92-055F-4AB7-B2D1-A6F430323F70}.Debug|Any CPU.Build.0 = Debug|Any CPU
		{04F94D92-055F-4AB7-B2D1-A6F430323F70}.Release|Any CPU.ActiveCfg = Release|Any CPU
		{04F94D92-055F-4AB7-B2D1-A6F430323F70}.Release|Any CPU.Build.0 = Release|Any CPU
		{55B61C16-A6B2-4BD4-BF63-CD36EF3120E2}.Debug|Any CPU.ActiveCfg = Debug|Any CPU
		{55B61C16-A6B2-4BD4-BF63-CD36EF3120E2}.Debug|Any CPU.Build.0 = Debug|Any CPU
		{55B61C16-A6B2-4BD4-BF63-CD36EF3120E2}.Release|Any CPU.ActiveCfg = Release|Any CPU
		{55B61C16-A6B2-4BD4-BF63-CD36EF3120E2}.Release|Any CPU.Build.0 = Release|Any CPU
		{6D47263E-83D0-42B3-B739-6FFDE7CE004C}.Debug|Any CPU.ActiveCfg = Debug|Any CPU
		{6D47263E-83D0-42B3-B739-6FFDE7CE004C}.Debug|Any CPU.Build.0 = Debug|Any CPU
		{6D47263E-83D0-42B3-B739-6FFDE7CE004C}.Release|Any CPU.ActiveCfg = Release|Any CPU
		{6D47263E-83D0-42B3-B739-6FFDE7CE004C}.Release|Any CPU.Build.0 = Release|Any CPU
		{E23087D7-5040-4204-A9D9-B288523218D2}.Debug|Any CPU.ActiveCfg = Debug|Any CPU
		{E23087D7-5040-4204-A9D9-B288523218D2}.Debug|Any CPU.Build.0 = Debug|Any CPU
		{E23087D7-5040-4204-A9D9-B288523218D2}.Release|Any CPU.ActiveCfg = Release|Any CPU
		{E23087D7-5040-4204-A9D9-B288523218D2}.Release|Any CPU.Build.0 = Release|Any CPU
		{317DFAD4-530E-4854-8C4B-4B7B9EE1A663}.Debug|Any CPU.ActiveCfg = Debug|Any CPU
		{317DFAD4-530E-4854-8C4B-4B7B9EE1A663}.Debug|Any CPU.Build.0 = Debug|Any CPU
		{317DFAD4-530E-4854-8C4B-4B7B9EE1A663}.Release|Any CPU.ActiveCfg = Release|Any CPU
		{317DFAD4-530E-4854-8C4B-4B7B9EE1A663}.Release|Any CPU.Build.0 = Release|Any CPU
		{54BDEABB-1BCA-41BE-B609-11938DA60707}.Debug|Any CPU.ActiveCfg = Debug|Any CPU
		{54BDEABB-1BCA-41BE-B609-11938DA60707}.Debug|Any CPU.Build.0 = Debug|Any CPU
		{54BDEABB-1BCA-41BE-B609-11938DA60707}.Release|Any CPU.ActiveCfg = Release|Any CPU
		{54BDEABB-1BCA-41BE-B609-11938DA60707}.Release|Any CPU.Build.0 = Release|Any CPU
		{ECFF9A85-F121-4EBD-BE77-0E9D23B2AF47}.Debug|Any CPU.ActiveCfg = Debug|Any CPU
		{ECFF9A85-F121-4EBD-BE77-0E9D23B2AF47}.Debug|Any CPU.Build.0 = Debug|Any CPU
		{ECFF9A85-F121-4EBD-BE77-0E9D23B2AF47}.Release|Any CPU.ActiveCfg = Release|Any CPU
		{ECFF9A85-F121-4EBD-BE77-0E9D23B2AF47}.Release|Any CPU.Build.0 = Release|Any CPU
		{BAE8731E-02B3-48DA-AF29-077E4D649B88}.Debug|Any CPU.ActiveCfg = Debug|Any CPU
		{BAE8731E-02B3-48DA-AF29-077E4D649B88}.Debug|Any CPU.Build.0 = Debug|Any CPU
		{BAE8731E-02B3-48DA-AF29-077E4D649B88}.Release|Any CPU.ActiveCfg = Release|Any CPU
		{BAE8731E-02B3-48DA-AF29-077E4D649B88}.Release|Any CPU.Build.0 = Release|Any CPU
		{FE71298A-7017-48E5-BD71-170C8F23FD65}.Debug|Any CPU.ActiveCfg = Debug|Any CPU
		{FE71298A-7017-48E5-BD71-170C8F23FD65}.Debug|Any CPU.Build.0 = Debug|Any CPU
		{FE71298A-7017-48E5-BD71-170C8F23FD65}.Release|Any CPU.ActiveCfg = Release|Any CPU
		{FE71298A-7017-48E5-BD71-170C8F23FD65}.Release|Any CPU.Build.0 = Release|Any CPU
		{014C7824-142E-46EF-B91B-26506B12AE99}.Debug|Any CPU.ActiveCfg = Debug|Any CPU
		{014C7824-142E-46EF-B91B-26506B12AE99}.Debug|Any CPU.Build.0 = Debug|Any CPU
		{014C7824-142E-46EF-B91B-26506B12AE99}.Release|Any CPU.ActiveCfg = Release|Any CPU
		{014C7824-142E-46EF-B91B-26506B12AE99}.Release|Any CPU.Build.0 = Release|Any CPU
		{C5898869-FCC7-493D-BC6C-3EB47B2991CE}.Debug|Any CPU.ActiveCfg = Debug|Any CPU
		{C5898869-FCC7-493D-BC6C-3EB47B2991CE}.Debug|Any CPU.Build.0 = Debug|Any CPU
		{C5898869-FCC7-493D-BC6C-3EB47B2991CE}.Release|Any CPU.ActiveCfg = Release|Any CPU
		{C5898869-FCC7-493D-BC6C-3EB47B2991CE}.Release|Any CPU.Build.0 = Release|Any CPU
		{29916AEB-0B15-4CEF-98EE-749F9BF906E7}.Debug|Any CPU.ActiveCfg = Debug|Any CPU
		{29916AEB-0B15-4CEF-98EE-749F9BF906E7}.Debug|Any CPU.Build.0 = Debug|Any CPU
		{29916AEB-0B15-4CEF-98EE-749F9BF906E7}.Release|Any CPU.ActiveCfg = Release|Any CPU
		{29916AEB-0B15-4CEF-98EE-749F9BF906E7}.Release|Any CPU.Build.0 = Release|Any CPU
		{70D7EA73-27E2-4A15-9E86-99EC615CCBF1}.Debug|Any CPU.ActiveCfg = Debug|Any CPU
		{70D7EA73-27E2-4A15-9E86-99EC615CCBF1}.Debug|Any CPU.Build.0 = Debug|Any CPU
		{70D7EA73-27E2-4A15-9E86-99EC615CCBF1}.Release|Any CPU.ActiveCfg = Release|Any CPU
		{70D7EA73-27E2-4A15-9E86-99EC615CCBF1}.Release|Any CPU.Build.0 = Release|Any CPU
		{51470920-5F3F-43BF-B5D6-F83CC71E3FFB}.Debug|Any CPU.ActiveCfg = Debug|Any CPU
		{51470920-5F3F-43BF-B5D6-F83CC71E3FFB}.Debug|Any CPU.Build.0 = Debug|Any CPU
		{51470920-5F3F-43BF-B5D6-F83CC71E3FFB}.Release|Any CPU.ActiveCfg = Release|Any CPU
		{51470920-5F3F-43BF-B5D6-F83CC71E3FFB}.Release|Any CPU.Build.0 = Release|Any CPU
		{BBD09F6C-8C34-4B5E-82D0-1B9FA08D77B0}.Debug|Any CPU.ActiveCfg = Debug|Any CPU
		{BBD09F6C-8C34-4B5E-82D0-1B9FA08D77B0}.Debug|Any CPU.Build.0 = Debug|Any CPU
		{BBD09F6C-8C34-4B5E-82D0-1B9FA08D77B0}.Release|Any CPU.ActiveCfg = Release|Any CPU
		{BBD09F6C-8C34-4B5E-82D0-1B9FA08D77B0}.Release|Any CPU.Build.0 = Release|Any CPU
		{ECC132A3-53F5-420C-B92F-4BBD83A2054D}.Debug|Any CPU.ActiveCfg = Debug|Any CPU
		{ECC132A3-53F5-420C-B92F-4BBD83A2054D}.Debug|Any CPU.Build.0 = Debug|Any CPU
		{ECC132A3-53F5-420C-B92F-4BBD83A2054D}.Release|Any CPU.ActiveCfg = Release|Any CPU
		{ECC132A3-53F5-420C-B92F-4BBD83A2054D}.Release|Any CPU.Build.0 = Release|Any CPU
		{DA8CC26F-E6E9-4443-BB61-36FD86365FE4}.Debug|Any CPU.ActiveCfg = Debug|Any CPU
		{DA8CC26F-E6E9-4443-BB61-36FD86365FE4}.Debug|Any CPU.Build.0 = Debug|Any CPU
		{DA8CC26F-E6E9-4443-BB61-36FD86365FE4}.Release|Any CPU.ActiveCfg = Release|Any CPU
		{DA8CC26F-E6E9-4443-BB61-36FD86365FE4}.Release|Any CPU.Build.0 = Release|Any CPU
		{DF70BFD5-26A0-4CF4-841C-BF2D9B7405B3}.Debug|Any CPU.ActiveCfg = Debug|Any CPU
		{DF70BFD5-26A0-4CF4-841C-BF2D9B7405B3}.Debug|Any CPU.Build.0 = Debug|Any CPU
		{DF70BFD5-26A0-4CF4-841C-BF2D9B7405B3}.Release|Any CPU.ActiveCfg = Release|Any CPU
		{DF70BFD5-26A0-4CF4-841C-BF2D9B7405B3}.Release|Any CPU.Build.0 = Release|Any CPU
		{C8BB34D9-15B1-4D27-B867-AA17D60DD2B9}.Debug|Any CPU.ActiveCfg = Debug|Any CPU
		{C8BB34D9-15B1-4D27-B867-AA17D60DD2B9}.Debug|Any CPU.Build.0 = Debug|Any CPU
		{C8BB34D9-15B1-4D27-B867-AA17D60DD2B9}.Release|Any CPU.ActiveCfg = Release|Any CPU
		{C8BB34D9-15B1-4D27-B867-AA17D60DD2B9}.Release|Any CPU.Build.0 = Release|Any CPU
	EndGlobalSection
	GlobalSection(NestedProjects) = preSolution
		{BD99ECA9-FD3C-4E2B-B417-04344976C83F} = {30BA623E-989F-4D0D-B115-F77853C7B030}
		{2FD39A4A-30B2-49FE-82BB-C937218CD636} = {30BA623E-989F-4D0D-B115-F77853C7B030}
		{8CA07FEB-23EC-401D-9CFF-9AF52EDF03F0} = {30BA623E-989F-4D0D-B115-F77853C7B030}
		{16C885E6-EF4A-4306-BD91-B4C60980E8AD} = {30BA623E-989F-4D0D-B115-F77853C7B030}
		{C6C29BDD-A183-474C-8DD7-50F3D24675A1} = {BDFE6955-81B5-4A3E-9A7C-BF818C98E0E1}
		{E032315D-57B6-4608-808A-731489E94906} = {BDFE6955-81B5-4A3E-9A7C-BF818C98E0E1}
		{B1DF9100-33B0-4ABE-9875-03B3218DBBD7} = {BDFE6955-81B5-4A3E-9A7C-BF818C98E0E1}
		{BAF88DF0-F0F4-4AD1-B152-18ECA4F940E5} = {BDFE6955-81B5-4A3E-9A7C-BF818C98E0E1}
		{558BD2F0-FBFC-44B9-A0A2-3DCA34B45592} = {4859E2E1-7625-42F6-8F1E-43386055C7DB}
		{5BED4A6D-8525-4AB1-9647-F0AADD5F10E6} = {4859E2E1-7625-42F6-8F1E-43386055C7DB}
		{1F2F4C9D-CEB3-4FA2-9598-54AA05819690} = {4859E2E1-7625-42F6-8F1E-43386055C7DB}
		{A746FC55-55CF-4462-8505-EBB3D38ADD43} = {4859E2E1-7625-42F6-8F1E-43386055C7DB}
		{04F94D92-055F-4AB7-B2D1-A6F430323F70} = {110DCBE2-449B-4998-97C4-8AAD8E1BCCBA}
		{55B61C16-A6B2-4BD4-BF63-CD36EF3120E2} = {110DCBE2-449B-4998-97C4-8AAD8E1BCCBA}
		{6D47263E-83D0-42B3-B739-6FFDE7CE004C} = {110DCBE2-449B-4998-97C4-8AAD8E1BCCBA}
		{E23087D7-5040-4204-A9D9-B288523218D2} = {110DCBE2-449B-4998-97C4-8AAD8E1BCCBA}
		{317DFAD4-530E-4854-8C4B-4B7B9EE1A663} = {FE03CFE7-0746-4201-B91F-0FE4186C1CD8}
		{54BDEABB-1BCA-41BE-B609-11938DA60707} = {FE03CFE7-0746-4201-B91F-0FE4186C1CD8}
		{ECFF9A85-F121-4EBD-BE77-0E9D23B2AF47} = {FE03CFE7-0746-4201-B91F-0FE4186C1CD8}
		{BAE8731E-02B3-48DA-AF29-077E4D649B88} = {FE03CFE7-0746-4201-B91F-0FE4186C1CD8}
		{FE71298A-7017-48E5-BD71-170C8F23FD65} = {FE03CFE7-0746-4201-B91F-0FE4186C1CD8}
		{29916AEB-0B15-4CEF-98EE-749F9BF906E7} = {76B68EAE-7372-4307-A518-193B39A962D8}
		{70D7EA73-27E2-4A15-9E86-99EC615CCBF1} = {76B68EAE-7372-4307-A518-193B39A962D8}
		{51470920-5F3F-43BF-B5D6-F83CC71E3FFB} = {76B68EAE-7372-4307-A518-193B39A962D8}
		{BBD09F6C-8C34-4B5E-82D0-1B9FA08D77B0} = {76B68EAE-7372-4307-A518-193B39A962D8}
	EndGlobalSection
EndGlobal
